
Microsoft Visual Studio Solution File, Format Version 12.00
# Visual Studio Version 17
VisualStudioVersion = 17.4.33205.214
MinimumVisualStudioVersion = 10.0.40219.1
Project("{8BC9CEB8-8B4A-11D0-8D11-00A0C91BC942}") = "MINESWEEPER", "MINESWEEPER\MINESWEEPER.vcxproj", "{61035171-92A1-44E5-A836-1A4C4EED763E}"
EndProject
Global
	GlobalSection(SolutionConfigurationPlatforms) = preSolution
		Debug|x64 = Debug|x64
		Debug|x86 = Debug|x86
		Release|x64 = Release|x64
		Release|x86 = Release|x86
	EndGlobalSection
	GlobalSection(ProjectConfigurationPlatforms) = postSolution
		{61035171-92A1-44E5-A836-1A4C4EED763E}.Debug|x64.ActiveCfg = Debug|x64
		{61035171-92A1-44E5-A836-1A4C4EED763E}.Debug|x64.Build.0 = Debug|x64
		{61035171-92A1-44E5-A836-1A4C4EED763E}.Debug|x86.ActiveCfg = Debug|Win32
		{61035171-92A1-44E5-A836-1A4C4EED763E}.Debug|x86.Build.0 = Debug|Win32
		{61035171-92A1-44E5-A836-1A4C4EED763E}.Release|x64.ActiveCfg = Release|x64
		{61035171-92A1-44E5-A836-1A4C4EED763E}.Release|x64.Build.0 = Release|x64
		{61035171-92A1-44E5-A836-1A4C4EED763E}.Release|x86.ActiveCfg = Release|Win32
		{61035171-92A1-44E5-A836-1A4C4EED763E}.Release|x86.Build.0 = Release|Win32
	EndGlobalSection
	GlobalSection(SolutionProperties) = preSolution
		HideSolutionNode = FALSE
	EndGlobalSection
	GlobalSection(ExtensibilityGlobals) = postSolution
		SolutionGuid = {9D3DD686-E8FA-4EDE-BEC0-91DDADFBAE34}
	EndGlobalSection
EndGlobal
